// !$*UTF8*$!
{
	archiveVersion = 1;
	classes = {
	};
	objectVersion = 46;
	objects = {

/* Begin PBXBuildFile section */
		59B7BF481C19B48C008878B2 /* AppDelegate.swift in Sources */ = {isa = PBXBuildFile; fileRef = 59B7BF471C19B48C008878B2 /* AppDelegate.swift */; };
		59B7BF4A1C19B48C008878B2 /* ViewController.swift in Sources */ = {isa = PBXBuildFile; fileRef = 59B7BF491C19B48C008878B2 /* ViewController.swift */; };
		59B7BF4D1C19B48C008878B2 /* Main.storyboard in Resources */ = {isa = PBXBuildFile; fileRef = 59B7BF4B1C19B48C008878B2 /* Main.storyboard */; };
		59B7BF4F1C19B48C008878B2 /* Assets.xcassets in Resources */ = {isa = PBXBuildFile; fileRef = 59B7BF4E1C19B48C008878B2 /* Assets.xcassets */; };
		59B7BF521C19B48C008878B2 /* LaunchScreen.storyboard in Resources */ = {isa = PBXBuildFile; fileRef = 59B7BF501C19B48C008878B2 /* LaunchScreen.storyboard */; };
		59B7BF5D1C19B48D008878B2 /* ________Tests.swift in Sources */ = {isa = PBXBuildFile; fileRef = 59B7BF5C1C19B48D008878B2 /* ________Tests.swift */; };
		59B7BF681C19B48D008878B2 /* ________UITests.swift in Sources */ = {isa = PBXBuildFile; fileRef = 59B7BF671C19B48D008878B2 /* ________UITests.swift */; };
/* End PBXBuildFile section */

/* Begin PBXContainerItemProxy section */
		59B7BF591C19B48D008878B2 /* PBXContainerItemProxy */ = {
			isa = PBXContainerItemProxy;
			containerPortal = 59B7BF3C1C19B48C008878B2 /* Project object */;
			proxyType = 1;
			remoteGlobalIDString = 59B7BF431C19B48C008878B2;
			remoteInfo = "じぶんノート";
		};
		59B7BF641C19B48D008878B2 /* PBXContainerItemProxy */ = {
			isa = PBXContainerItemProxy;
			containerPortal = 59B7BF3C1C19B48C008878B2 /* Project object */;
			proxyType = 1;
			remoteGlobalIDString = 59B7BF431C19B48C008878B2;
			remoteInfo = "じぶんノート";
		};
/* End PBXContainerItemProxy section */

/* Begin PBXFileReference section */
		59B7BF441C19B48C008878B2 /* じぶんノート.app */ = {isa = PBXFileReference; explicitFileType = wrapper.application; includeInIndex = 0; path = "じぶんノート.app"; sourceTree = BUILT_PRODUCTS_DIR; };
		59B7BF471C19B48C008878B2 /* AppDelegate.swift */ = {isa = PBXFileReference; lastKnownFileType = sourcecode.swift; path = AppDelegate.swift; sourceTree = "<group>"; };
		59B7BF491C19B48C008878B2 /* ViewController.swift */ = {isa = PBXFileReference; lastKnownFileType = sourcecode.swift; path = ViewController.swift; sourceTree = "<group>"; };
		59B7BF4C1C19B48C008878B2 /* Base */ = {isa = PBXFileReference; lastKnownFileType = file.storyboard; name = Base; path = Base.lproj/Main.storyboard; sourceTree = "<group>"; };
		59B7BF4E1C19B48C008878B2 /* Assets.xcassets */ = {isa = PBXFileReference; lastKnownFileType = folder.assetcatalog; path = Assets.xcassets; sourceTree = "<group>"; };
		59B7BF511C19B48C008878B2 /* Base */ = {isa = PBXFileReference; lastKnownFileType = file.storyboard; name = Base; path = Base.lproj/LaunchScreen.storyboard; sourceTree = "<group>"; };
		59B7BF531C19B48C008878B2 /* Info.plist */ = {isa = PBXFileReference; lastKnownFileType = text.plist.xml; path = Info.plist; sourceTree = "<group>"; };
		59B7BF581C19B48D008878B2 /* じぶんノートTests.xctest */ = {isa = PBXFileReference; explicitFileType = wrapper.cfbundle; includeInIndex = 0; path = "じぶんノートTests.xctest"; sourceTree = BUILT_PRODUCTS_DIR; };
		59B7BF5C1C19B48D008878B2 /* ________Tests.swift */ = {isa = PBXFileReference; lastKnownFileType = sourcecode.swift; path = "________Tests.swift"; sourceTree = "<group>"; };
		59B7BF5E1C19B48D008878B2 /* Info.plist */ = {isa = PBXFileReference; lastKnownFileType = text.plist.xml; path = Info.plist; sourceTree = "<group>"; };
		59B7BF631C19B48D008878B2 /* じぶんノートUITests.xctest */ = {isa = PBXFileReference; explicitFileType = wrapper.cfbundle; includeInIndex = 0; path = "じぶんノートUITests.xctest"; sourceTree = BUILT_PRODUCTS_DIR; };
		59B7BF671C19B48D008878B2 /* ________UITests.swift */ = {isa = PBXFileReference; lastKnownFileType = sourcecode.swift; path = "________UITests.swift"; sourceTree = "<group>"; };
		59B7BF691C19B48D008878B2 /* Info.plist */ = {isa = PBXFileReference; lastKnownFileType = text.plist.xml; path = Info.plist; sourceTree = "<group>"; };
/* End PBXFileReference section */

/* Begin PBXFrameworksBuildPhase section */
		59B7BF411C19B48C008878B2 /* Frameworks */ = {
			isa = PBXFrameworksBuildPhase;
			buildActionMask = 2147483647;
			files = (
			);
			runOnlyForDeploymentPostprocessing = 0;
		};
		59B7BF551C19B48D008878B2 /* Frameworks */ = {
			isa = PBXFrameworksBuildPhase;
			buildActionMask = 2147483647;
			files = (
			);
			runOnlyForDeploymentPostprocessing = 0;
		};
		59B7BF601C19B48D008878B2 /* Frameworks */ = {
			isa = PBXFrameworksBuildPhase;
			buildActionMask = 2147483647;
			files = (
			);
			runOnlyForDeploymentPostprocessing = 0;
		};
/* End PBXFrameworksBuildPhase section */

/* Begin PBXGroup section */
		59B7BF3B1C19B48C008878B2 = {
			isa = PBXGroup;
			children = (
				59B7BF461C19B48C008878B2 /* じぶんノート */,
				59B7BF5B1C19B48D008878B2 /* じぶんノートTests */,
				59B7BF661C19B48D008878B2 /* じぶんノートUITests */,
				59B7BF451C19B48C008878B2 /* Products */,
			);
			sourceTree = "<group>";
		};
		59B7BF451C19B48C008878B2 /* Products */ = {
			isa = PBXGroup;
			children = (
				59B7BF441C19B48C008878B2 /* じぶんノート.app */,
				59B7BF581C19B48D008878B2 /* じぶんノートTests.xctest */,
				59B7BF631C19B48D008878B2 /* じぶんノートUITests.xctest */,
			);
			name = Products;
			sourceTree = "<group>";
		};
		59B7BF461C19B48C008878B2 /* じぶんノート */ = {
			isa = PBXGroup;
			children = (
				59B7BF471C19B48C008878B2 /* AppDelegate.swift */,
				59B7BF491C19B48C008878B2 /* ViewController.swift */,
				59B7BF4B1C19B48C008878B2 /* Main.storyboard */,
				59B7BF4E1C19B48C008878B2 /* Assets.xcassets */,
				59B7BF501C19B48C008878B2 /* LaunchScreen.storyboard */,
				59B7BF531C19B48C008878B2 /* Info.plist */,
			);
			path = "じぶんノート";
			sourceTree = "<group>";
		};
		59B7BF5B1C19B48D008878B2 /* じぶんノートTests */ = {
			isa = PBXGroup;
			children = (
				59B7BF5C1C19B48D008878B2 /* ________Tests.swift */,
				59B7BF5E1C19B48D008878B2 /* Info.plist */,
			);
			path = "じぶんノートTests";
			sourceTree = "<group>";
		};
		59B7BF661C19B48D008878B2 /* じぶんノートUITests */ = {
			isa = PBXGroup;
			children = (
				59B7BF671C19B48D008878B2 /* ________UITests.swift */,
				59B7BF691C19B48D008878B2 /* Info.plist */,
			);
			path = "じぶんノートUITests";
			sourceTree = "<group>";
		};
/* End PBXGroup section */

/* Begin PBXNativeTarget section */
		59B7BF431C19B48C008878B2 /* じぶんノート */ = {
			isa = PBXNativeTarget;
			buildConfigurationList = 59B7BF6C1C19B48D008878B2 /* Build configuration list for PBXNativeTarget "じぶんノート" */;
			buildPhases = (
				59B7BF401C19B48C008878B2 /* Sources */,
				59B7BF411C19B48C008878B2 /* Frameworks */,
				59B7BF421C19B48C008878B2 /* Resources */,
			);
			buildRules = (
			);
			dependencies = (
			);
			name = "じぶんノート";
			productName = "じぶんノート";
			productReference = 59B7BF441C19B48C008878B2 /* じぶんノート.app */;
			productType = "com.apple.product-type.application";
		};
		59B7BF571C19B48D008878B2 /* じぶんノートTests */ = {
			isa = PBXNativeTarget;
			buildConfigurationList = 59B7BF6F1C19B48D008878B2 /* Build configuration list for PBXNativeTarget "じぶんノートTests" */;
			buildPhases = (
				59B7BF541C19B48D008878B2 /* Sources */,
				59B7BF551C19B48D008878B2 /* Frameworks */,
				59B7BF561C19B48D008878B2 /* Resources */,
			);
			buildRules = (
			);
			dependencies = (
				59B7BF5A1C19B48D008878B2 /* PBXTargetDependency */,
			);
			name = "じぶんノートTests";
			productName = "じぶんノートTests";
			productReference = 59B7BF581C19B48D008878B2 /* じぶんノートTests.xctest */;
			productType = "com.apple.product-type.bundle.unit-test";
		};
		59B7BF621C19B48D008878B2 /* じぶんノートUITests */ = {
			isa = PBXNativeTarget;
			buildConfigurationList = 59B7BF721C19B48D008878B2 /* Build configuration list for PBXNativeTarget "じぶんノートUITests" */;
			buildPhases = (
				59B7BF5F1C19B48D008878B2 /* Sources */,
				59B7BF601C19B48D008878B2 /* Frameworks */,
				59B7BF611C19B48D008878B2 /* Resources */,
			);
			buildRules = (
			);
			dependencies = (
				59B7BF651C19B48D008878B2 /* PBXTargetDependency */,
			);
			name = "じぶんノートUITests";
			productName = "じぶんノートUITests";
			productReference = 59B7BF631C19B48D008878B2 /* じぶんノートUITests.xctest */;
			productType = "com.apple.product-type.bundle.ui-testing";
		};
/* End PBXNativeTarget section */

/* Begin PBXProject section */
		59B7BF3C1C19B48C008878B2 /* Project object */ = {
			isa = PBXProject;
			attributes = {
				LastSwiftUpdateCheck = 0710;
				LastUpgradeCheck = 0710;
				ORGANIZATIONNAME = BiyousiNote.inc;
				TargetAttributes = {
					59B7BF431C19B48C008878B2 = {
						CreatedOnToolsVersion = 7.1.1;
						DevelopmentTeam = 24ZH8YR4UD;
					};
					59B7BF571C19B48D008878B2 = {
						CreatedOnToolsVersion = 7.1.1;
						DevelopmentTeam = 24ZH8YR4UD;
						TestTargetID = 59B7BF431C19B48C008878B2;
					};
					59B7BF621C19B48D008878B2 = {
						CreatedOnToolsVersion = 7.1.1;
						DevelopmentTeam = 24ZH8YR4UD;
						TestTargetID = 59B7BF431C19B48C008878B2;
					};
				};
			};
			buildConfigurationList = 59B7BF3F1C19B48C008878B2 /* Build configuration list for PBXProject "じぶんノート" */;
			compatibilityVersion = "Xcode 3.2";
			developmentRegion = English;
			hasScannedForEncodings = 0;
			knownRegions = (
				en,
				Base,
			);
			mainGroup = 59B7BF3B1C19B48C008878B2;
			productRefGroup = 59B7BF451C19B48C008878B2 /* Products */;
			projectDirPath = "";
			projectRoot = "";
			targets = (
				59B7BF431C19B48C008878B2 /* じぶんノート */,
				59B7BF571C19B48D008878B2 /* じぶんノートTests */,
				59B7BF621C19B48D008878B2 /* じぶんノートUITests */,
			);
		};
/* End PBXProject section */

/* Begin PBXResourcesBuildPhase section */
		59B7BF421C19B48C008878B2 /* Resources */ = {
			isa = PBXResourcesBuildPhase;
			buildActionMask = 2147483647;
			files = (
				59B7BF521C19B48C008878B2 /* LaunchScreen.storyboard in Resources */,
				59B7BF4F1C19B48C008878B2 /* Assets.xcassets in Resources */,
				59B7BF4D1C19B48C008878B2 /* Main.storyboard in Resources */,
			);
			runOnlyForDeploymentPostprocessing = 0;
		};
		59B7BF561C19B48D008878B2 /* Resources */ = {
			isa = PBXResourcesBuildPhase;
			buildActionMask = 2147483647;
			files = (
			);
			runOnlyForDeploymentPostprocessing = 0;
		};
		59B7BF611C19B48D008878B2 /* Resources */ = {
			isa = PBXResourcesBuildPhase;
			buildActionMask = 2147483647;
			files = (
			);
			runOnlyForDeploymentPostprocessing = 0;
		};
/* End PBXResourcesBuildPhase section */

/* Begin PBXSourcesBuildPhase section */
		59B7BF401C19B48C008878B2 /* Sources */ = {
			isa = PBXSourcesBuildPhase;
			buildActionMask = 2147483647;
			files = (
				59B7BF4A1C19B48C008878B2 /* ViewController.swift in Sources */,
				59B7BF481C19B48C008878B2 /* AppDelegate.swift in Sources */,
			);
			runOnlyForDeploymentPostprocessing = 0;
		};
		59B7BF541C19B48D008878B2 /* Sources */ = {
			isa = PBXSourcesBuildPhase;
			buildActionMask = 2147483647;
			files = (
				59B7BF5D1C19B48D008878B2 /* ________Tests.swift in Sources */,
			);
			runOnlyForDeploymentPostprocessing = 0;
		};
		59B7BF5F1C19B48D008878B2 /* Sources */ = {
			isa = PBXSourcesBuildPhase;
			buildActionMask = 2147483647;
			files = (
				59B7BF681C19B48D008878B2 /* ________UITests.swift in Sources */,
			);
			runOnlyForDeploymentPostprocessing = 0;
		};
/* End PBXSourcesBuildPhase section */

/* Begin PBXTargetDependency section */
		59B7BF5A1C19B48D008878B2 /* PBXTargetDependency */ = {
			isa = PBXTargetDependency;
			target = 59B7BF431C19B48C008878B2 /* じぶんノート */;
			targetProxy = 59B7BF591C19B48D008878B2 /* PBXContainerItemProxy */;
		};
		59B7BF651C19B48D008878B2 /* PBXTargetDependency */ = {
			isa = PBXTargetDependency;
			target = 59B7BF431C19B48C008878B2 /* じぶんノート */;
			targetProxy = 59B7BF641C19B48D008878B2 /* PBXContainerItemProxy */;
		};
/* End PBXTargetDependency section */

/* Begin PBXVariantGroup section */
		59B7BF4B1C19B48C008878B2 /* Main.storyboard */ = {
			isa = PBXVariantGroup;
			children = (
				59B7BF4C1C19B48C008878B2 /* Base */,
			);
			name = Main.storyboard;
			sourceTree = "<group>";
		};
		59B7BF501C19B48C008878B2 /* LaunchScreen.storyboard */ = {
			isa = PBXVariantGroup;
			children = (
				59B7BF511C19B48C008878B2 /* Base */,
			);
			name = LaunchScreen.storyboard;
			sourceTree = "<group>";
		};
/* End PBXVariantGroup section */

/* Begin XCBuildConfiguration section */
		59B7BF6A1C19B48D008878B2 /* Debug */ = {
			isa = XCBuildConfiguration;
			buildSettings = {
				ALWAYS_SEARCH_USER_PATHS = NO;
				CLANG_CXX_LANGUAGE_STANDARD = "gnu++0x";
				CLANG_CXX_LIBRARY = "libc++";
				CLANG_ENABLE_MODULES = YES;
				CLANG_ENABLE_OBJC_ARC = YES;
				CLANG_WARN_BOOL_CONVERSION = YES;
				CLANG_WARN_CONSTANT_CONVERSION = YES;
				CLANG_WARN_DIRECT_OBJC_ISA_USAGE = YES_ERROR;
				CLANG_WARN_EMPTY_BODY = YES;
				CLANG_WARN_ENUM_CONVERSION = YES;
				CLANG_WARN_INT_CONVERSION = YES;
				CLANG_WARN_OBJC_ROOT_CLASS = YES_ERROR;
				CLANG_WARN_UNREACHABLE_CODE = YES;
				CLANG_WARN__DUPLICATE_METHOD_MATCH = YES;
				"CODE_SIGN_IDENTITY[sdk=iphoneos*]" = "iPhone Developer";
				COPY_PHASE_STRIP = NO;
				DEBUG_INFORMATION_FORMAT = dwarf;
				ENABLE_STRICT_OBJC_MSGSEND = YES;
				ENABLE_TESTABILITY = YES;
				GCC_C_LANGUAGE_STANDARD = gnu99;
				GCC_DYNAMIC_NO_PIC = NO;
				GCC_NO_COMMON_BLOCKS = YES;
				GCC_OPTIMIZATION_LEVEL = 0;
				GCC_PREPROCESSOR_DEFINITIONS = (
					"DEBUG=1",
					"$(inherited)",
				);
				GCC_WARN_64_TO_32_BIT_CONVERSION = YES;
				GCC_WARN_ABOUT_RETURN_TYPE = YES_ERROR;
				GCC_WARN_UNDECLARED_SELECTOR = YES;
				GCC_WARN_UNINITIALIZED_AUTOS = YES_AGGRESSIVE;
				GCC_WARN_UNUSED_FUNCTION = YES;
				GCC_WARN_UNUSED_VARIABLE = YES;
				IPHONEOS_DEPLOYMENT_TARGET = 9.1;
				MTL_ENABLE_DEBUG_INFO = YES;
				ONLY_ACTIVE_ARCH = YES;
				SDKROOT = iphoneos;
				SWIFT_OPTIMIZATION_LEVEL = "-Onone";
			};
			name = Debug;
		};
		59B7BF6B1C19B48D008878B2 /* Release */ = {
			isa = XCBuildConfiguration;
			buildSettings = {
				ALWAYS_SEARCH_USER_PATHS = NO;
				CLANG_CXX_LANGUAGE_STANDARD = "gnu++0x";
				CLANG_CXX_LIBRARY = "libc++";
				CLANG_ENABLE_MODULES = YES;
				CLANG_ENABLE_OBJC_ARC = YES;
				CLANG_WARN_BOOL_CONVERSION = YES;
				CLANG_WARN_CONSTANT_CONVERSION = YES;
				CLANG_WARN_DIRECT_OBJC_ISA_USAGE = YES_ERROR;
				CLANG_WARN_EMPTY_BODY = YES;
				CLANG_WARN_ENUM_CONVERSION = YES;
				CLANG_WARN_INT_CONVERSION = YES;
				CLANG_WARN_OBJC_ROOT_CLASS = YES_ERROR;
				CLANG_WARN_UNREACHABLE_CODE = YES;
				CLANG_WARN__DUPLICATE_METHOD_MATCH = YES;
				"CODE_SIGN_IDENTITY[sdk=iphoneos*]" = "iPhone Developer";
				COPY_PHASE_STRIP = NO;
				DEBUG_INFORMATION_FORMAT = "dwarf-with-dsym";
				ENABLE_NS_ASSERTIONS = NO;
				ENABLE_STRICT_OBJC_MSGSEND = YES;
				GCC_C_LANGUAGE_STANDARD = gnu99;
				GCC_NO_COMMON_BLOCKS = YES;
				GCC_WARN_64_TO_32_BIT_CONVERSION = YES;
				GCC_WARN_ABOUT_RETURN_TYPE = YES_ERROR;
				GCC_WARN_UNDECLARED_SELECTOR = YES;
				GCC_WARN_UNINITIALIZED_AUTOS = YES_AGGRESSIVE;
				GCC_WARN_UNUSED_FUNCTION = YES;
				GCC_WARN_UNUSED_VARIABLE = YES;
				IPHONEOS_DEPLOYMENT_TARGET = 9.1;
				MTL_ENABLE_DEBUG_INFO = NO;
				SDKROOT = iphoneos;
				VALIDATE_PRODUCT = YES;
			};
			name = Release;
		};
		59B7BF6D1C19B48D008878B2 /* Debug */ = {
			isa = XCBuildConfiguration;
			buildSettings = {
				ASSETCATALOG_COMPILER_APPICON_NAME = AppIcon;
				INFOPLIST_FILE = "じぶんノート/Info.plist";
				LD_RUNPATH_SEARCH_PATHS = "$(inherited) @executable_path/Frameworks";
				PRODUCT_BUNDLE_IDENTIFIER = "inc.BiyousiNote.--------";
				PRODUCT_NAME = "$(TARGET_NAME)";
			};
			name = Debug;
		};
		59B7BF6E1C19B48D008878B2 /* Release */ = {
			isa = XCBuildConfiguration;
			buildSettings = {
				ASSETCATALOG_COMPILER_APPICON_NAME = AppIcon;
				INFOPLIST_FILE = "じぶんノート/Info.plist";
				LD_RUNPATH_SEARCH_PATHS = "$(inherited) @executable_path/Frameworks";
				PRODUCT_BUNDLE_IDENTIFIER = "inc.BiyousiNote.--------";
				PRODUCT_NAME = "$(TARGET_NAME)";
			};
			name = Release;
		};
		59B7BF701C19B48D008878B2 /* Debug */ = {
			isa = XCBuildConfiguration;
			buildSettings = {
				BUNDLE_LOADER = "$(TEST_HOST)";
				INFOPLIST_FILE = "じぶんノートTests/Info.plist";
				LD_RUNPATH_SEARCH_PATHS = "$(inherited) @executable_path/Frameworks @loader_path/Frameworks";
				PRODUCT_BUNDLE_IDENTIFIER = "inc.BiyousiNote.--------Tests";
				PRODUCT_NAME = "$(TARGET_NAME)";
				TEST_HOST = "$(BUILT_PRODUCTS_DIR)/じぶんノート.app/じぶんノート";
			};
			name = Debug;
		};
		59B7BF711C19B48D008878B2 /* Release */ = {
			isa = XCBuildConfiguration;
			buildSettings = {
				BUNDLE_LOADER = "$(TEST_HOST)";
				INFOPLIST_FILE = "じぶんノートTests/Info.plist";
				LD_RUNPATH_SEARCH_PATHS = "$(inherited) @executable_path/Frameworks @loader_path/Frameworks";
				PRODUCT_BUNDLE_IDENTIFIER = "inc.BiyousiNote.--------Tests";
				PRODUCT_NAME = "$(TARGET_NAME)";
				TEST_HOST = "$(BUILT_PRODUCTS_DIR)/じぶんノート.app/じぶんノート";
			};
			name = Release;
		};
		59B7BF731C19B48D008878B2 /* Debug */ = {
			isa = XCBuildConfiguration;
			buildSettings = {
				INFOPLIST_FILE = "じぶんノートUITests/Info.plist";
				LD_RUNPATH_SEARCH_PATHS = "$(inherited) @executable_path/Frameworks @loader_path/Frameworks";
				PRODUCT_BUNDLE_IDENTIFIER = "inc.BiyousiNote.--------UITests";
				PRODUCT_NAME = "$(TARGET_NAME)";
				TEST_TARGET_NAME = "じぶんノート";
				USES_XCTRUNNER = YES;
			};
			name = Debug;
		};
		59B7BF741C19B48D008878B2 /* Release */ = {
			isa = XCBuildConfiguration;
			buildSettings = {
				INFOPLIST_FILE = "じぶんノートUITests/Info.plist";
				LD_RUNPATH_SEARCH_PATHS = "$(inherited) @executable_path/Frameworks @loader_path/Frameworks";
				PRODUCT_BUNDLE_IDENTIFIER = "inc.BiyousiNote.--------UITests";
				PRODUCT_NAME = "$(TARGET_NAME)";
				TEST_TARGET_NAME = "じぶんノート";
				USES_XCTRUNNER = YES;
			};
			name = Release;
		};
/* End XCBuildConfiguration section */

/* Begin XCConfigurationList section */
		59B7BF3F1C19B48C008878B2 /* Build configuration list for PBXProject "じぶんノート" */ = {
			isa = XCConfigurationList;
			buildConfigurations = (
				59B7BF6A1C19B48D008878B2 /* Debug */,
				59B7BF6B1C19B48D008878B2 /* Release */,
			);
			defaultConfigurationIsVisible = 0;
			defaultConfigurationName = Release;
		};
		59B7BF6C1C19B48D008878B2 /* Build configuration list for PBXNativeTarget "じぶんノート" */ = {
			isa = XCConfigurationList;
			buildConfigurations = (
				59B7BF6D1C19B48D008878B2 /* Debug */,
				59B7BF6E1C19B48D008878B2 /* Release */,
			);
			defaultConfigurationIsVisible = 0;
		};
		59B7BF6F1C19B48D008878B2 /* Build configuration list for PBXNativeTarget "じぶんノートTests" */ = {
			isa = XCConfigurationList;
			buildConfigurations = (
				59B7BF701C19B48D008878B2 /* Debug */,
				59B7BF711C19B48D008878B2 /* Release */,
			);
			defaultConfigurationIsVisible = 0;
		};
		59B7BF721C19B48D008878B2 /* Build configuration list for PBXNativeTarget "じぶんノートUITests" */ = {
			isa = XCConfigurationList;
			buildConfigurations = (
				59B7BF731C19B48D008878B2 /* Debug */,
				59B7BF741C19B48D008878B2 /* Release */,
			);
			defaultConfigurationIsVisible = 0;
		};
/* End XCConfigurationList section */
	};
	rootObject = 59B7BF3C1C19B48C008878B2 /* Project object */;
}
